{
  "version": 4,
  "terraform_version": "1.3.2",
  "serial": 7,
  "lineage": "4a3b1e36-7fd5-eeda-e43c-ce3cee3e1036",
  "outputs": {},
  "resources": [
    {
      "mode": "managed",
      "type": "aws_emr_cluster",
      "name": "cluster",
      "provider": "provider[\"registry.terraform.io/hashicorp/aws\"]",
      "instances": []
    },
    {
      "mode": "managed",
      "type": "aws_iam_instance_profile",
      "name": "emr_profile",
      "provider": "provider[\"registry.terraform.io/hashicorp/aws\"]",
      "instances": [
        {
          "schema_version": 0,
          "attributes": {
            "arn": "arn:aws:iam::479055760150:instance-profile/emr_profile",
            "create_date": "2022-10-23T08:16:08Z",
            "id": "emr_profile",
            "name": "emr_profile",
            "name_prefix": null,
            "path": "/",
            "role": "iam_emr_profile_role",
            "tags": null,
            "tags_all": {},
            "unique_id": "AIPAW7CPSZMLOBD7XNVGP"
          },
          "sensitive_attributes": [],
          "private": "bnVsbA==",
          "dependencies": [
            "aws_iam_role.iam_emr_profile_role"
          ]
        }
      ]
    },
    {
      "mode": "managed",
      "type": "aws_iam_role",
      "name": "iam_emr_profile_role",
      "provider": "provider[\"registry.terraform.io/hashicorp/aws\"]",
      "instances": [
        {
          "schema_version": 0,
          "attributes": {
            "arn": "arn:aws:iam::479055760150:role/iam_emr_profile_role",
            "assume_role_policy": "{\"Statement\":[{\"Action\":\"sts:AssumeRole\",\"Effect\":\"Allow\",\"Principal\":{\"Service\":\"ec2.amazonaws.com\"},\"Sid\":\"\"}],\"Version\":\"2008-10-17\"}",
            "create_date": "2022-10-23T08:16:06Z",
            "description": "",
            "force_detach_policies": false,
            "id": "iam_emr_profile_role",
            "inline_policy": [],
            "managed_policy_arns": [],
            "max_session_duration": 3600,
            "name": "iam_emr_profile_role",
            "name_prefix": "",
            "path": "/",
            "permissions_boundary": null,
            "tags": null,
            "tags_all": {},
            "unique_id": "AROAW7CPSZMLHNVVITZN3"
          },
          "sensitive_attributes": [],
          "private": "bnVsbA=="
        }
      ]
    },
    {
      "mode": "managed",
      "type": "aws_iam_role",
      "name": "iam_emr_service_role",
      "provider": "provider[\"registry.terraform.io/hashicorp/aws\"]",
      "instances": [
        {
          "schema_version": 0,
          "attributes": {
            "arn": "arn:aws:iam::479055760150:role/iam_emr_service_role",
            "assume_role_policy": "{\"Statement\":[{\"Action\":\"sts:AssumeRole\",\"Effect\":\"Allow\",\"Principal\":{\"Service\":\"elasticmapreduce.amazonaws.com\"},\"Sid\":\"\"}],\"Version\":\"2008-10-17\"}",
            "create_date": "2022-10-23T08:16:06Z",
            "description": "",
            "force_detach_policies": false,
            "id": "iam_emr_service_role",
            "inline_policy": [],
            "managed_policy_arns": [],
            "max_session_duration": 3600,
            "name": "iam_emr_service_role",
            "name_prefix": "",
            "path": "/",
            "permissions_boundary": null,
            "tags": null,
            "tags_all": {},
            "unique_id": "AROAW7CPSZMLOTB2OEFTA"
          },
          "sensitive_attributes": [],
          "private": "bnVsbA=="
        }
      ]
    },
    {
      "mode": "managed",
      "type": "aws_iam_role_policy",
      "name": "iam_emr_profile_policy",
      "provider": "provider[\"registry.terraform.io/hashicorp/aws\"]",
      "instances": [
        {
          "schema_version": 0,
          "attributes": {
            "id": "iam_emr_profile_role:iam_emr_profile_policy",
            "name": "iam_emr_profile_policy",
            "name_prefix": null,
            "policy": "{\n    \"Version\": \"2012-10-17\",\n    \"Statement\": [{\n        \"Effect\": \"Allow\",\n        \"Resource\": \"*\",\n        \"Action\": [\n            \"cloudwatch:*\",\n            \"ec2:Describe*\",\n            \"elasticmapreduce:Describe*\",\n            \"elasticmapreduce:ListBootstrapActions\",\n            \"elasticmapreduce:ListClusters\",\n            \"elasticmapreduce:ListInstanceGroups\",\n            \"elasticmapreduce:ListInstances\",\n            \"elasticmapreduce:ListSteps\",\n            \"kms:*\",\n            \"kafka:*\",\n            \"s3:*\"\n        ]\n    }]\n}\n",
            "role": "iam_emr_profile_role"
          },
          "sensitive_attributes": [],
          "private": "bnVsbA==",
          "dependencies": [
            "aws_iam_role.iam_emr_profile_role"
          ]
        }
      ]
    },
    {
      "mode": "managed",
      "type": "aws_iam_role_policy",
      "name": "iam_emr_service_policy",
      "provider": "provider[\"registry.terraform.io/hashicorp/aws\"]",
      "instances": [
        {
          "schema_version": 0,
          "attributes": {
            "id": "iam_emr_service_role:iam_emr_service_policy",
            "name": "iam_emr_service_policy",
            "name_prefix": null,
            "policy": "{\n    \"Version\": \"2012-10-17\",\n    \"Statement\": [{\n        \"Effect\": \"Allow\",\n        \"Resource\": \"*\",\n        \"Action\": [\n            \"ec2:AuthorizeSecurityGroupEgress\",\n            \"ec2:AuthorizeSecurityGroupIngress\",\n            \"ec2:CancelSpotInstanceRequests\",\n            \"ec2:CreateNetworkInterface\",\n            \"ec2:CreateSecurityGroup\",\n            \"ec2:CreateTags\",\n            \"ec2:DeleteNetworkInterface\",\n            \"ec2:DeleteSecurityGroup\",\n            \"ec2:DeleteTags\",\n            \"ec2:DescribeAvailabilityZones\",\n            \"ec2:DescribeAccountAttributes\",\n            \"ec2:DescribeDhcpOptions\",\n            \"ec2:DescribeInstanceStatus\",\n            \"ec2:DescribeInstances\",\n            \"ec2:DescribeKeyPairs\",\n            \"ec2:DescribeNetworkAcls\",\n            \"ec2:DescribeNetworkInterfaces\",\n            \"ec2:DescribePrefixLists\",\n            \"ec2:DescribeRouteTables\",\n            \"ec2:DescribeSecurityGroups\",\n            \"ec2:DescribeSpotInstanceRequests\",\n            \"ec2:DescribeSpotPriceHistory\",\n            \"ec2:DescribeSubnets\",\n            \"ec2:DescribeVpcAttribute\",\n            \"ec2:DescribeVpcEndpoints\",\n            \"ec2:DescribeVpcEndpointServices\",\n            \"ec2:DescribeVpcs\",\n            \"ec2:DetachNetworkInterface\",\n            \"ec2:ModifyImageAttribute\",\n            \"ec2:ModifyInstanceAttribute\",\n            \"ec2:RequestSpotInstances\",\n            \"ec2:RevokeSecurityGroupEgress\",\n            \"ec2:RunInstances\",\n            \"ec2:TerminateInstances\",\n            \"ec2:DeleteVolume\",\n            \"ec2:DescribeVolumeStatus\",\n            \"ec2:DescribeVolumes\",\n            \"ec2:DetachVolume\",\n            \"iam:GetRole\",\n            \"iam:GetRolePolicy\",\n            \"iam:ListInstanceProfiles\",\n            \"iam:ListRolePolicies\",\n            \"iam:PassRole\",\n            \"s3:CreateBucket\",\n            \"s3:Get*\",\n            \"s3:List*\",\n            \"sdb:BatchPutAttributes\",\n            \"sdb:Select\",\n            \"sqs:CreateQueue\",\n            \"sqs:Delete*\",\n            \"sqs:GetQueue*\",\n            \"sqs:PurgeQueue\",\n            \"sqs:ReceiveMessage\"\n        ]\n    }]\n}\n",
            "role": "iam_emr_service_role"
          },
          "sensitive_attributes": [],
          "private": "bnVsbA==",
          "dependencies": [
            "aws_iam_role.iam_emr_service_role"
          ]
        }
      ]
    },
    {
      "mode": "managed",
      "type": "aws_internet_gateway",
      "name": "gw",
      "provider": "provider[\"registry.terraform.io/hashicorp/aws\"]",
      "instances": []
    },
    {
      "mode": "managed",
      "type": "aws_main_route_table_association",
      "name": "a",
      "provider": "provider[\"registry.terraform.io/hashicorp/aws\"]",
      "instances": []
    },
    {
      "mode": "managed",
      "type": "aws_route_table",
      "name": "r",
      "provider": "provider[\"registry.terraform.io/hashicorp/aws\"]",
      "instances": []
    },
    {
      "mode": "managed",
      "type": "aws_security_group",
      "name": "allow_access",
      "provider": "provider[\"registry.terraform.io/hashicorp/aws\"]",
      "instances": []
    },
    {
      "mode": "managed",
      "type": "aws_subnet",
      "name": "main",
      "provider": "provider[\"registry.terraform.io/hashicorp/aws\"]",
      "instances": []
    }
  ],
  "check_results": []
}
